// !$*UTF8*$!
{
	archiveVersion = 1;
	classes = {
	};
	objectVersion = 46;
	objects = {

/* Begin PBXBuildFile section */
		1C09B849175DBA3000316FE9 /* Foundation.framework in Frameworks */ = {isa = PBXBuildFile; fileRef = 1C09B848175DBA3000316FE9 /* Foundation.framework */; };
		1C09B84E175DBA3000316FE9 /* NSPUILib.h in CopyFiles */ = {isa = PBXBuildFile; fileRef = 1C09B84D175DBA3000316FE9 /* NSPUILib.h */; };
		1C09B858175DBAB800316FE9 /* NSPUICommon.m in Sources */ = {isa = PBXBuildFile; fileRef = 1C09B857175DBAB800316FE9 /* NSPUICommon.m */; };
		1C09B85F175DBB7A00316FE9 /* libNSPLib.a in Frameworks */ = {isa = PBXBuildFile; fileRef = 1C09B85E175DBB1B00316FE9 /* libNSPLib.a */; };
		1C2D60541789F77300680663 /* UITableView+Updating.m in Sources */ = {isa = PBXBuildFile; fileRef = 1C2D60531789F77300680663 /* UITableView+Updating.m */; };
		1C2D605C178A8AE500680663 /* UITableView+Updating_with_blocks.m in Sources */ = {isa = PBXBuildFile; fileRef = 1C2D605B178A8AE500680663 /* UITableView+Updating_with_blocks.m */; };
		1C557DA51777F66D0012B90F /* UIView+Extensions.m in Sources */ = {isa = PBXBuildFile; fileRef = 1C557DA41777F66D0012B90F /* UIView+Extensions.m */; };
		1C557DA71777F6CE0012B90F /* UIKit.framework in Frameworks */ = {isa = PBXBuildFile; fileRef = 1C557DA61777F6CE0012B90F /* UIKit.framework */; };
/* End PBXBuildFile section */

/* Begin PBXContainerItemProxy section */
		1C09B85D175DBB1B00316FE9 /* PBXContainerItemProxy */ = {
			isa = PBXContainerItemProxy;
			containerPortal = 1C09B859175DBB1A00316FE9 /* NSPLib.xcodeproj */;
			proxyType = 2;
			remoteGlobalIDString = 1CD8CB68174A6A2B00AD0B7A;
			remoteInfo = NSPLib;
		};
		1C09B860175DBB8100316FE9 /* PBXContainerItemProxy */ = {
			isa = PBXContainerItemProxy;
			containerPortal = 1C09B859175DBB1A00316FE9 /* NSPLib.xcodeproj */;
			proxyType = 1;
			remoteGlobalIDString = 1CD8CB67174A6A2B00AD0B7A;
			remoteInfo = NSPLib;
		};
/* End PBXContainerItemProxy section */

/* Begin PBXCopyFilesBuildPhase section */
		1C09B843175DBA3000316FE9 /* CopyFiles */ = {
			isa = PBXCopyFilesBuildPhase;
			buildActionMask = 2147483647;
			dstPath = "include/${PRODUCT_NAME}";
			dstSubfolderSpec = 16;
			files = (
				1C09B84E175DBA3000316FE9 /* NSPUILib.h in CopyFiles */,
			);
			runOnlyForDeploymentPostprocessing = 0;
		};
/* End PBXCopyFilesBuildPhase section */

/* Begin PBXFileReference section */
		1C09B845175DBA3000316FE9 /* libNSPUILib.a */ = {isa = PBXFileReference; explicitFileType = archive.ar; includeInIndex = 0; path = libNSPUILib.a; sourceTree = BUILT_PRODUCTS_DIR; };
		1C09B848175DBA3000316FE9 /* Foundation.framework */ = {isa = PBXFileReference; lastKnownFileType = wrapper.framework; name = Foundation.framework; path = System/Library/Frameworks/Foundation.framework; sourceTree = SDKROOT; };
		1C09B84C175DBA3000316FE9 /* NSPUILib-Prefix.pch */ = {isa = PBXFileReference; lastKnownFileType = sourcecode.c.h; path = "NSPUILib-Prefix.pch"; sourceTree = "<group>"; };
		1C09B84D175DBA3000316FE9 /* NSPUILib.h */ = {isa = PBXFileReference; lastKnownFileType = sourcecode.c.h; path = NSPUILib.h; sourceTree = "<group>"; };
		1C09B856175DBAB800316FE9 /* NSPUICommon.h */ = {isa = PBXFileReference; fileEncoding = 4; lastKnownFileType = sourcecode.c.h; path = NSPUICommon.h; sourceTree = "<group>"; };
		1C09B857175DBAB800316FE9 /* NSPUICommon.m */ = {isa = PBXFileReference; fileEncoding = 4; lastKnownFileType = sourcecode.c.objc; path = NSPUICommon.m; sourceTree = "<group>"; };
		1C09B859175DBB1A00316FE9 /* NSPLib.xcodeproj */ = {isa = PBXFileReference; lastKnownFileType = "wrapper.pb-project"; path = NSPLib.xcodeproj; sourceTree = "<group>"; };
		1C2D60521789F77300680663 /* UITableView+Updating.h */ = {isa = PBXFileReference; fileEncoding = 4; lastKnownFileType = sourcecode.c.h; path = "UITableView+Updating.h"; sourceTree = "<group>"; };
		1C2D60531789F77300680663 /* UITableView+Updating.m */ = {isa = PBXFileReference; fileEncoding = 4; lastKnownFileType = sourcecode.c.objc; path = "UITableView+Updating.m"; sourceTree = "<group>"; };
		1C2D605B178A8AE500680663 /* UITableView+Updating_with_blocks.m */ = {isa = PBXFileReference; fileEncoding = 4; lastKnownFileType = sourcecode.c.objc; path = "UITableView+Updating_with_blocks.m"; sourceTree = "<group>"; };
		1C557DA31777F66D0012B90F /* UIView+Extensions.h */ = {isa = PBXFileReference; fileEncoding = 4; lastKnownFileType = sourcecode.c.h; path = "UIView+Extensions.h"; sourceTree = "<group>"; };
		1C557DA41777F66D0012B90F /* UIView+Extensions.m */ = {isa = PBXFileReference; fileEncoding = 4; lastKnownFileType = sourcecode.c.objc; path = "UIView+Extensions.m"; sourceTree = "<group>"; };
		1C557DA61777F6CE0012B90F /* UIKit.framework */ = {isa = PBXFileReference; lastKnownFileType = wrapper.framework; name = UIKit.framework; path = System/Library/Frameworks/UIKit.framework; sourceTree = SDKROOT; };
/* End PBXFileReference section */

/* Begin PBXFrameworksBuildPhase section */
		1C09B842175DBA3000316FE9 /* Frameworks */ = {
			isa = PBXFrameworksBuildPhase;
			buildActionMask = 2147483647;
			files = (
				1C557DA71777F6CE0012B90F /* UIKit.framework in Frameworks */,
				1C09B85F175DBB7A00316FE9 /* libNSPLib.a in Frameworks */,
				1C09B849175DBA3000316FE9 /* Foundation.framework in Frameworks */,
			);
			runOnlyForDeploymentPostprocessing = 0;
		};
/* End PBXFrameworksBuildPhase section */

/* Begin PBXGroup section */
		1C09B83C175DBA3000316FE9 = {
			isa = PBXGroup;
			children = (
				1C09B859175DBB1A00316FE9 /* NSPLib.xcodeproj */,
				1C09B84A175DBA3000316FE9 /* NSPUILib */,
				1C09B847175DBA3000316FE9 /* Frameworks */,
				1C09B846175DBA3000316FE9 /* Products */,
			);
			sourceTree = "<group>";
		};
		1C09B846175DBA3000316FE9 /* Products */ = {
			isa = PBXGroup;
			children = (
				1C09B845175DBA3000316FE9 /* libNSPUILib.a */,
			);
			name = Products;
			sourceTree = "<group>";
		};
		1C09B847175DBA3000316FE9 /* Frameworks */ = {
			isa = PBXGroup;
			children = (
				1C09B848175DBA3000316FE9 /* Foundation.framework */,
				1C557DA61777F6CE0012B90F /* UIKit.framework */,
			);
			name = Frameworks;
			sourceTree = "<group>";
		};
		1C09B84A175DBA3000316FE9 /* NSPUILib */ = {
			isa = PBXGroup;
			children = (
				1C99BF291767A6E5007CE48F /* Categories */,
				1C99BF2A1767A6EC007CE48F /* Common */,
				1C09B84D175DBA3000316FE9 /* NSPUILib.h */,
				1C09B84B175DBA3000316FE9 /* Supporting Files */,
			);
			path = NSPUILib;
			sourceTree = "<group>";
		};
		1C09B84B175DBA3000316FE9 /* Supporting Files */ = {
			isa = PBXGroup;
			children = (
				1C09B84C175DBA3000316FE9 /* NSPUILib-Prefix.pch */,
			);
			name = "Supporting Files";
			sourceTree = "<group>";
		};
		1C09B85A175DBB1A00316FE9 /* Products */ = {
			isa = PBXGroup;
			children = (
				1C09B85E175DBB1B00316FE9 /* libNSPLib.a */,
			);
			name = Products;
			sourceTree = "<group>";
		};
		1C99BF291767A6E5007CE48F /* Categories */ = {
			isa = PBXGroup;
			children = (
				1C2D60521789F77300680663 /* UITableView+Updating.h */,
				1C2D60531789F77300680663 /* UITableView+Updating.m */,
				1C2D605B178A8AE500680663 /* UITableView+Updating_with_blocks.m */,
				1C557DA31777F66D0012B90F /* UIView+Extensions.h */,
				1C557DA41777F66D0012B90F /* UIView+Extensions.m */,
			);
			name = Categories;
			sourceTree = "<group>";
		};
		1C99BF2A1767A6EC007CE48F /* Common */ = {
			isa = PBXGroup;
			children = (
				1C09B856175DBAB800316FE9 /* NSPUICommon.h */,
				1C09B857175DBAB800316FE9 /* NSPUICommon.m */,
			);
			name = Common;
			sourceTree = "<group>";
		};
/* End PBXGroup section */

/* Begin PBXNativeTarget section */
		1C09B844175DBA3000316FE9 /* NSPUILib */ = {
			isa = PBXNativeTarget;
			buildConfigurationList = 1C09B853175DBA3000316FE9 /* Build configuration list for PBXNativeTarget "NSPUILib" */;
			buildPhases = (
				1C09B841175DBA3000316FE9 /* Sources */,
				1C09B842175DBA3000316FE9 /* Frameworks */,
				1C09B843175DBA3000316FE9 /* CopyFiles */,
			);
			buildRules = (
			);
			dependencies = (
				1C09B861175DBB8100316FE9 /* PBXTargetDependency */,
			);
			name = NSPUILib;
			productName = NSPUILib;
			productReference = 1C09B845175DBA3000316FE9 /* libNSPUILib.a */;
			productType = "com.apple.product-type.library.static";
		};
/* End PBXNativeTarget section */

/* Begin PBXProject section */
		1C09B83D175DBA3000316FE9 /* Project object */ = {
			isa = PBXProject;
			attributes = {
				LastUpgradeCheck = 0460;
				ORGANIZATIONNAME = NSProgrammer.com;
			};
			buildConfigurationList = 1C09B840175DBA3000316FE9 /* Build configuration list for PBXProject "NSPUILib" */;
			compatibilityVersion = "Xcode 3.2";
			developmentRegion = English;
			hasScannedForEncodings = 0;
			knownRegions = (
				en,
			);
			mainGroup = 1C09B83C175DBA3000316FE9;
			productRefGroup = 1C09B846175DBA3000316FE9 /* Products */;
			projectDirPath = "";
			projectReferences = (
				{
					ProductGroup = 1C09B85A175DBB1A00316FE9 /* Products */;
					ProjectRef = 1C09B859175DBB1A00316FE9 /* NSPLib.xcodeproj */;
				},
			);
			projectRoot = "";
			targets = (
				1C09B844175DBA3000316FE9 /* NSPUILib */,
			);
		};
/* End PBXProject section */

/* Begin PBXReferenceProxy section */
		1C09B85E175DBB1B00316FE9 /* libNSPLib.a */ = {
			isa = PBXReferenceProxy;
			fileType = archive.ar;
			path = libNSPLib.a;
			remoteRef = 1C09B85D175DBB1B00316FE9 /* PBXContainerItemProxy */;
			sourceTree = BUILT_PRODUCTS_DIR;
		};
/* End PBXReferenceProxy section */

/* Begin PBXSourcesBuildPhase section */
		1C09B841175DBA3000316FE9 /* Sources */ = {
			isa = PBXSourcesBuildPhase;
			buildActionMask = 2147483647;
			files = (
				1C09B858175DBAB800316FE9 /* NSPUICommon.m in Sources */,
				1C557DA51777F66D0012B90F /* UIView+Extensions.m in Sources */,
				1C2D60541789F77300680663 /* UITableView+Updating.m in Sources */,
				1C2D605C178A8AE500680663 /* UITableView+Updating_with_blocks.m in Sources */,
			);
			runOnlyForDeploymentPostprocessing = 0;
		};
/* End PBXSourcesBuildPhase section */

/* Begin PBXTargetDependency section */
		1C09B861175DBB8100316FE9 /* PBXTargetDependency */ = {
			isa = PBXTargetDependency;
			name = NSPLib;
			targetProxy = 1C09B860175DBB8100316FE9 /* PBXContainerItemProxy */;
		};
/* End PBXTargetDependency section */

/* Begin XCBuildConfiguration section */
		1C09B851175DBA3000316FE9 /* Debug */ = {
			isa = XCBuildConfiguration;
			buildSettings = {
				ALWAYS_SEARCH_USER_PATHS = NO;
				CLANG_CXX_LANGUAGE_STANDARD = "gnu++0x";
				CLANG_CXX_LIBRARY = "libc++";
				CLANG_ENABLE_OBJC_ARC = YES;
				CLANG_WARN_CONSTANT_CONVERSION = YES;
				CLANG_WARN_EMPTY_BODY = YES;
				CLANG_WARN_ENUM_CONVERSION = YES;
				CLANG_WARN_INT_CONVERSION = YES;
				CLANG_WARN__DUPLICATE_METHOD_MATCH = YES;
				COPY_PHASE_STRIP = NO;
				GCC_C_LANGUAGE_STANDARD = gnu99;
				GCC_DYNAMIC_NO_PIC = NO;
				GCC_OPTIMIZATION_LEVEL = 0;
				GCC_PREPROCESSOR_DEFINITIONS = (
					"DEBUG=1",
					"$(inherited)",
				);
				GCC_SYMBOLS_PRIVATE_EXTERN = NO;
				GCC_WARN_ABOUT_RETURN_TYPE = YES;
				GCC_WARN_UNINITIALIZED_AUTOS = YES;
				GCC_WARN_UNUSED_VARIABLE = YES;
				IPHONEOS_DEPLOYMENT_TARGET = 5.0;
				ONLY_ACTIVE_ARCH = YES;
				SDKROOT = iphoneos;
			};
			name = Debug;
		};
		1C09B852175DBA3000316FE9 /* Release */ = {
			isa = XCBuildConfiguration;
			buildSettings = {
				ALWAYS_SEARCH_USER_PATHS = NO;
				CLANG_CXX_LANGUAGE_STANDARD = "gnu++0x";
				CLANG_CXX_LIBRARY = "libc++";
				CLANG_ENABLE_OBJC_ARC = YES;
				CLANG_WARN_CONSTANT_CONVERSION = YES;
				CLANG_WARN_EMPTY_BODY = YES;
				CLANG_WARN_ENUM_CONVERSION = YES;
				CLANG_WARN_INT_CONVERSION = YES;
				CLANG_WARN__DUPLICATE_METHOD_MATCH = YES;
				COPY_PHASE_STRIP = YES;
				GCC_C_LANGUAGE_STANDARD = gnu99;
				GCC_WARN_ABOUT_RETURN_TYPE = YES;
				GCC_WARN_UNINITIALIZED_AUTOS = YES;
				GCC_WARN_UNUSED_VARIABLE = YES;
				IPHONEOS_DEPLOYMENT_TARGET = 5.0;
				SDKROOT = iphoneos;
				VALIDATE_PRODUCT = YES;
			};
			name = Release;
		};
		1C09B854175DBA3000316FE9 /* Debug */ = {
			isa = XCBuildConfiguration;
			buildSettings = {
				DEAD_CODE_STRIPPING = NO;
				DSTROOT = /tmp/NSPUILib.dst;
				GCC_PRECOMPILE_PREFIX_HEADER = YES;
				GCC_PREFIX_HEADER = "NSPUILib/NSPUILib-Prefix.pch";
				HEADER_SEARCH_PATHS = NSPLib;
				OTHER_LDFLAGS = "-ObjC";
				PRODUCT_NAME = "$(TARGET_NAME)";
				SKIP_INSTALL = YES;
				USER_HEADER_SEARCH_PATHS = "";
			};
			name = Debug;
		};
		1C09B855175DBA3000316FE9 /* Release */ = {
			isa = XCBuildConfiguration;
			buildSettings = {
				DEAD_CODE_STRIPPING = NO;
				DSTROOT = /tmp/NSPUILib.dst;
				GCC_OPTIMIZATION_LEVEL = fast;
				GCC_PRECOMPILE_PREFIX_HEADER = YES;
				GCC_PREFIX_HEADER = "NSPUILib/NSPUILib-Prefix.pch";
				HEADER_SEARCH_PATHS = NSPLib;
				OTHER_LDFLAGS = "-ObjC";
				PRODUCT_NAME = "$(TARGET_NAME)";
				SKIP_INSTALL = YES;
				USER_HEADER_SEARCH_PATHS = "";
			};
			name = Release;
		};
/* End XCBuildConfiguration section */

/* Begin XCConfigurationList section */
		1C09B840175DBA3000316FE9 /* Build configuration list for PBXProject "NSPUILib" */ = {
			isa = XCConfigurationList;
			buildConfigurations = (
				1C09B851175DBA3000316FE9 /* Debug */,
				1C09B852175DBA3000316FE9 /* Release */,
			);
			defaultConfigurationIsVisible = 0;
			defaultConfigurationName = Release;
		};
		1C09B853175DBA3000316FE9 /* Build configuration list for PBXNativeTarget "NSPUILib" */ = {
			isa = XCConfigurationList;
			buildConfigurations = (
				1C09B854175DBA3000316FE9 /* Debug */,
				1C09B855175DBA3000316FE9 /* Release */,
			);
			defaultConfigurationIsVisible = 0;
			defaultConfigurationName = Release;
		};
/* End XCConfigurationList section */
	};
	rootObject = 1C09B83D175DBA3000316FE9 /* Project object */;
}
